// !$*UTF8*$!
{
	archiveVersion = 1;
	classes = {
	};
	objectVersion = 46;
	objects = {

/* Begin PBXBuildFile section */
		A75E16501CBB1B630076EF9D /* AppDelegate.swift in Sources */ = {isa = PBXBuildFile; fileRef = A75E164F1CBB1B630076EF9D /* AppDelegate.swift */; };
		A75E16521CBB1B630076EF9D /* ViewController.swift in Sources */ = {isa = PBXBuildFile; fileRef = A75E16511CBB1B630076EF9D /* ViewController.swift */; };
		A75E16551CBB1B630076EF9D /* Main.storyboard in Resources */ = {isa = PBXBuildFile; fileRef = A75E16531CBB1B630076EF9D /* Main.storyboard */; };
		A75E16581CBB1B630076EF9D /* Tonight.xcdatamodeld in Sources */ = {isa = PBXBuildFile; fileRef = A75E16561CBB1B630076EF9D /* Tonight.xcdatamodeld */; };
		A75E165A1CBB1B630076EF9D /* Assets.xcassets in Resources */ = {isa = PBXBuildFile; fileRef = A75E16591CBB1B630076EF9D /* Assets.xcassets */; };
		A75E165D1CBB1B630076EF9D /* LaunchScreen.storyboard in Resources */ = {isa = PBXBuildFile; fileRef = A75E165B1CBB1B630076EF9D /* LaunchScreen.storyboard */; };
/* End PBXBuildFile section */

/* Begin PBXFileReference section */
		A75E164C1CBB1B620076EF9D /* Tonight.app */ = {isa = PBXFileReference; explicitFileType = wrapper.application; includeInIndex = 0; path = Tonight.app; sourceTree = BUILT_PRODUCTS_DIR; };
		A75E164F1CBB1B630076EF9D /* AppDelegate.swift */ = {isa = PBXFileReference; lastKnownFileType = sourcecode.swift; path = AppDelegate.swift; sourceTree = "<group>"; };
		A75E16511CBB1B630076EF9D /* ViewController.swift */ = {isa = PBXFileReference; lastKnownFileType = sourcecode.swift; path = ViewController.swift; sourceTree = "<group>"; };
		A75E16541CBB1B630076EF9D /* Base */ = {isa = PBXFileReference; lastKnownFileType = file.storyboard; name = Base; path = Base.lproj/Main.storyboard; sourceTree = "<group>"; };
		A75E16571CBB1B630076EF9D /* Tonight.xcdatamodel */ = {isa = PBXFileReference; lastKnownFileType = wrapper.xcdatamodel; path = Tonight.xcdatamodel; sourceTree = "<group>"; };
		A75E16591CBB1B630076EF9D /* Assets.xcassets */ = {isa = PBXFileReference; lastKnownFileType = folder.assetcatalog; path = Assets.xcassets; sourceTree = "<group>"; };
		A75E165C1CBB1B630076EF9D /* Base */ = {isa = PBXFileReference; lastKnownFileType = file.storyboard; name = Base; path = Base.lproj/LaunchScreen.storyboard; sourceTree = "<group>"; };
		A75E165E1CBB1B630076EF9D /* Info.plist */ = {isa = PBXFileReference; lastKnownFileType = text.plist.xml; path = Info.plist; sourceTree = "<group>"; };
/* End PBXFileReference section */

/* Begin PBXFrameworksBuildPhase section */
		A75E16491CBB1B620076EF9D /* Frameworks */ = {
			isa = PBXFrameworksBuildPhase;
			buildActionMask = 2147483647;
			files = (
			);
			runOnlyForDeploymentPostprocessing = 0;
		};
/* End PBXFrameworksBuildPhase section */

/* Begin PBXGroup section */
		A75E16431CBB1B620076EF9D = {
			isa = PBXGroup;
			children = (
				A75E164E1CBB1B630076EF9D /* Tonight */,
				A75E164D1CBB1B620076EF9D /* Products */,
			);
			sourceTree = "<group>";
		};
		A75E164D1CBB1B620076EF9D /* Products */ = {
			isa = PBXGroup;
			children = (
				A75E164C1CBB1B620076EF9D /* Tonight.app */,
			);
			name = Products;
			sourceTree = "<group>";
		};
		A75E164E1CBB1B630076EF9D /* Tonight */ = {
			isa = PBXGroup;
			children = (
				A75E164F1CBB1B630076EF9D /* AppDelegate.swift */,
				A75E16511CBB1B630076EF9D /* ViewController.swift */,
				A75E16531CBB1B630076EF9D /* Main.storyboard */,
				A75E16591CBB1B630076EF9D /* Assets.xcassets */,
				A75E165B1CBB1B630076EF9D /* LaunchScreen.storyboard */,
				A75E165E1CBB1B630076EF9D /* Info.plist */,
				A75E16561CBB1B630076EF9D /* Tonight.xcdatamodeld */,
			);
			path = Tonight;
			sourceTree = "<group>";
		};
/* End PBXGroup section */

/* Begin PBXNativeTarget section */
		A75E164B1CBB1B620076EF9D /* Tonight */ = {
			isa = PBXNativeTarget;
			buildConfigurationList = A75E16611CBB1B630076EF9D /* Build configuration list for PBXNativeTarget "Tonight" */;
			buildPhases = (
				A75E16481CBB1B620076EF9D /* Sources */,
				A75E16491CBB1B620076EF9D /* Frameworks */,
				A75E164A1CBB1B620076EF9D /* Resources */,
			);
			buildRules = (
			);
			dependencies = (
			);
			name = Tonight;
			productName = Tonight;
			productReference = A75E164C1CBB1B620076EF9D /* Tonight.app */;
			productType = "com.apple.product-type.application";
		};
/* End PBXNativeTarget section */

/* Begin PBXProject section */
		A75E16441CBB1B620076EF9D /* Project object */ = {
			isa = PBXProject;
			attributes = {
				LastSwiftUpdateCheck = 0730;
				LastUpgradeCheck = 0730;
				ORGANIZATIONNAME = "Andres Sosa";
				TargetAttributes = {
					A75E164B1CBB1B620076EF9D = {
						CreatedOnToolsVersion = 7.3;
						DevelopmentTeam = 4S5NJXYQN8;
					};
				};
			};
			buildConfigurationList = A75E16471CBB1B620076EF9D /* Build configuration list for PBXProject "Tonight" */;
			compatibilityVersion = "Xcode 3.2";
			developmentRegion = English;
			hasScannedForEncodings = 0;
			knownRegions = (
				en,
				Base,
			);
			mainGroup = A75E16431CBB1B620076EF9D;
			productRefGroup = A75E164D1CBB1B620076EF9D /* Products */;
			projectDirPath = "";
			projectRoot = "";
			targets = (
				A75E164B1CBB1B620076EF9D /* Tonight */,
			);
		};
/* End PBXProject section */

/* Begin PBXResourcesBuildPhase section */
		A75E164A1CBB1B620076EF9D /* Resources */ = {
			isa = PBXResourcesBuildPhase;
			buildActionMask = 2147483647;
			files = (
				A75E165D1CBB1B630076EF9D /* LaunchScreen.storyboard in Resources */,
				A75E165A1CBB1B630076EF9D /* Assets.xcassets in Resources */,
				A75E16551CBB1B630076EF9D /* Main.storyboard in Resources */,
			);
			runOnlyForDeploymentPostprocessing = 0;
		};
/* End PBXResourcesBuildPhase section */

/* Begin PBXSourcesBuildPhase section */
		A75E16481CBB1B620076EF9D /* Sources */ = {
			isa = PBXSourcesBuildPhase;
			buildActionMask = 2147483647;
			files = (
				A75E16581CBB1B630076EF9D /* Tonight.xcdatamodeld in Sources */,
				A75E16521CBB1B630076EF9D /* ViewController.swift in Sources */,
				A75E16501CBB1B630076EF9D /* AppDelegate.swift in Sources */,
			);
			runOnlyForDeploymentPostprocessing = 0;
		};
/* End PBXSourcesBuildPhase section */

/* Begin PBXVariantGroup section */
		A75E16531CBB1B630076EF9D /* Main.storyboard */ = {
			isa = PBXVariantGroup;
			children = (
				A75E16541CBB1B630076EF9D /* Base */,
			);
			name = Main.storyboard;
			sourceTree = "<group>";
		};
		A75E165B1CBB1B630076EF9D /* LaunchScreen.storyboard */ = {
			isa = PBXVariantGroup;
			children = (
				A75E165C1CBB1B630076EF9D /* Base */,
			);
			name = LaunchScreen.storyboard;
			sourceTree = "<group>";
		};
/* End PBXVariantGroup section */

/* Begin XCBuildConfiguration section */
		A75E165F1CBB1B630076EF9D /* Debug */ = {
			isa = XCBuildConfiguration;
			buildSettings = {
				ALWAYS_SEARCH_USER_PATHS = NO;
				CLANG_ANALYZER_NONNULL = YES;
				CLANG_CXX_LANGUAGE_STANDARD = "gnu++0x";
				CLANG_CXX_LIBRARY = "libc++";
				CLANG_ENABLE_MODULES = YES;
				CLANG_ENABLE_OBJC_ARC = YES;
				CLANG_WARN_BOOL_CONVERSION = YES;
				CLANG_WARN_CONSTANT_CONVERSION = YES;
				CLANG_WARN_DIRECT_OBJC_ISA_USAGE = YES_ERROR;
				CLANG_WARN_EMPTY_BODY = YES;
				CLANG_WARN_ENUM_CONVERSION = YES;
				CLANG_WARN_INT_CONVERSION = YES;
				CLANG_WARN_OBJC_ROOT_CLASS = YES_ERROR;
				CLANG_WARN_UNREACHABLE_CODE = YES;
				CLANG_WARN__DUPLICATE_METHOD_MATCH = YES;
				"CODE_SIGN_IDENTITY[sdk=iphoneos*]" = "iPhone Developer";
				COPY_PHASE_STRIP = NO;
				DEBUG_INFORMATION_FORMAT = dwarf;
				ENABLE_STRICT_OBJC_MSGSEND = YES;
				ENABLE_TESTABILITY = YES;
				GCC_C_LANGUAGE_STANDARD = gnu99;
				GCC_DYNAMIC_NO_PIC = NO;
				GCC_NO_COMMON_BLOCKS = YES;
				GCC_OPTIMIZATION_LEVEL = 0;
				GCC_PREPROCESSOR_DEFINITIONS = (
					"DEBUG=1",
					"$(inherited)",
				);
				GCC_WARN_64_TO_32_BIT_CONVERSION = YES;
				GCC_WARN_ABOUT_RETURN_TYPE = YES_ERROR;
				GCC_WARN_UNDECLARED_SELECTOR = YES;
				GCC_WARN_UNINITIALIZED_AUTOS = YES_AGGRESSIVE;
				GCC_WARN_UNUSED_FUNCTION = YES;
				GCC_WARN_UNUSED_VARIABLE = YES;
				IPHONEOS_DEPLOYMENT_TARGET = 9.3;
				MTL_ENABLE_DEBUG_INFO = YES;
				ONLY_ACTIVE_ARCH = YES;
				SDKROOT = iphoneos;
				SWIFT_OPTIMIZATION_LEVEL = "-Onone";
				TARGETED_DEVICE_FAMILY = "1,2";
			};
			name = Debug;
		};
		A75E16601CBB1B630076EF9D /* Release */ = {
			isa = XCBuildConfiguration;
			buildSettings = {
				ALWAYS_SEARCH_USER_PATHS = NO;
				CLANG_ANALYZER_NONNULL = YES;
				CLANG_CXX_LANGUAGE_STANDARD = "gnu++0x";
				CLANG_CXX_LIBRARY = "libc++";
				CLANG_ENABLE_MODULES = YES;
				CLANG_ENABLE_OBJC_ARC = YES;
				CLANG_WARN_BOOL_CONVERSION = YES;
				CLANG_WARN_CONSTANT_CONVERSION = YES;
				CLANG_WARN_DIRECT_OBJC_ISA_USAGE = YES_ERROR;
				CLANG_WARN_EMPTY_BODY = YES;
				CLANG_WARN_ENUM_CONVERSION = YES;
				CLANG_WARN_INT_CONVERSION = YES;
				CLANG_WARN_OBJC_ROOT_CLASS = YES_ERROR;
				CLANG_WARN_UNREACHABLE_CODE = YES;
				CLANG_WARN__DUPLICATE_METHOD_MATCH = YES;
				"CODE_SIGN_IDENTITY[sdk=iphoneos*]" = "iPhone Developer";
				COPY_PHASE_STRIP = NO;
				DEBUG_INFORMATION_FORMAT = "dwarf-with-dsym";
				ENABLE_NS_ASSERTIONS = NO;
				ENABLE_STRICT_OBJC_MSGSEND = YES;
				GCC_C_LANGUAGE_STANDARD = gnu99;
				GCC_NO_COMMON_BLOCKS = YES;
				GCC_WARN_64_TO_32_BIT_CONVERSION = YES;
				GCC_WARN_ABOUT_RETURN_TYPE = YES_ERROR;
				GCC_WARN_UNDECLARED_SELECTOR = YES;
				GCC_WARN_UNINITIALIZED_AUTOS = YES_AGGRESSIVE;
				GCC_WARN_UNUSED_FUNCTION = YES;
				GCC_WARN_UNUSED_VARIABLE = YES;
				IPHONEOS_DEPLOYMENT_TARGET = 9.3;
				MTL_ENABLE_DEBUG_INFO = NO;
				SDKROOT = iphoneos;
				TARGETED_DEVICE_FAMILY = "1,2";
				VALIDATE_PRODUCT = YES;
			};
			name = Release;
		};
		A75E16621CBB1B630076EF9D /* Debug */ = {
			isa = XCBuildConfiguration;
			buildSettings = {
				ASSETCATALOG_COMPILER_APPICON_NAME = AppIcon;
				INFOPLIST_FILE = Tonight/Info.plist;
				LD_RUNPATH_SEARCH_PATHS = "$(inherited) @executable_path/Frameworks";
				PRODUCT_BUNDLE_IDENTIFIER = AS.Tonight;
				PRODUCT_NAME = "$(TARGET_NAME)";
			};
			name = Debug;
		};
		A75E16631CBB1B630076EF9D /* Release */ = {
			isa = XCBuildConfiguration;
			buildSettings = {
				ASSETCATALOG_COMPILER_APPICON_NAME = AppIcon;
				INFOPLIST_FILE = Tonight/Info.plist;
				LD_RUNPATH_SEARCH_PATHS = "$(inherited) @executable_path/Frameworks";
				PRODUCT_BUNDLE_IDENTIFIER = AS.Tonight;
				PRODUCT_NAME = "$(TARGET_NAME)";
			};
			name = Release;
		};
/* End XCBuildConfiguration section */

/* Begin XCConfigurationList section */
		A75E16471CBB1B620076EF9D /* Build configuration list for PBXProject "Tonight" */ = {
			isa = XCConfigurationList;
			buildConfigurations = (
				A75E165F1CBB1B630076EF9D /* Debug */,
				A75E16601CBB1B630076EF9D /* Release */,
			);
			defaultConfigurationIsVisible = 0;
			defaultConfigurationName = Release;
		};
		A75E16611CBB1B630076EF9D /* Build configuration list for PBXNativeTarget "Tonight" */ = {
			isa = XCConfigurationList;
			buildConfigurations = (
				A75E16621CBB1B630076EF9D /* Debug */,
				A75E16631CBB1B630076EF9D /* Release */,
			);
			defaultConfigurationIsVisible = 0;
		};
/* End XCConfigurationList section */

/* Begin XCVersionGroup section */
		A75E16561CBB1B630076EF9D /* Tonight.xcdatamodeld */ = {
			isa = XCVersionGroup;
			children = (
				A75E16571CBB1B630076EF9D /* Tonight.xcdatamodel */,
			);
			currentVersion = A75E16571CBB1B630076EF9D /* Tonight.xcdatamodel */;
			path = Tonight.xcdatamodeld;
			sourceTree = "<group>";
			versionGroupType = wrapper.xcdatamodel;
		};
/* End XCVersionGroup section */
	};
	rootObject = A75E16441CBB1B620076EF9D /* Project object */;
}
